// !$*UTF8*$!
{
	archiveVersion = 1;
	classes = {
	};
	objectVersion = 77;
	objects = {

/* Begin PBXBuildFile section */
		509374212F8903DC0029EF88 /* WidgetKit.framework in Frameworks */ = {isa = PBXBuildFile; fileRef = 509374202F8903DC0029EF88 /* WidgetKit.framework */; };
		509374232F8903DC0029EF88 /* SwiftUI.framework in Frameworks */ = {isa = PBXBuildFile; fileRef = 509374222F8903DC0029EF88 /* SwiftUI.framework */; };
		509374342F8903DE0029EF88 /* SonoicWidgetsExtension.appex in Embed Foundation Extensions */ = {isa = PBXBuildFile; fileRef = 5093741E2F8903DC0029EF88 /* SonoicWidgetsExtension.appex */; settings = {ATTRIBUTES = (RemoveHeadersOnCopy, ); }; };
		9E32397562354DF0AA09D2C1 /* RevenueCatUI in Frameworks */ = {isa = PBXBuildFile; productRef = 0AAD220C4C8B4CABA8304480 /* RevenueCatUI */; };
		D9148A67A94D4CBB9641F7AF /* RevenueCat in Frameworks */ = {isa = PBXBuildFile; productRef = E7D21D949B9A42BE85BC575E /* RevenueCat */; };
/* End PBXBuildFile section */

/* Begin PBXContainerItemProxy section */
		509374322F8903DE0029EF88 /* PBXContainerItemProxy */ = {
			isa = PBXContainerItemProxy;
			containerPortal = 509373FE2F8902BC0029EF88 /* Project object */;
			proxyType = 1;
			remoteGlobalIDString = 5093741D2F8903DC0029EF88;
			remoteInfo = SonoicWidgetsExtension;
		};
		60AF4D3C2F8D6CB000C3E321 /* PBXContainerItemProxy */ = {
			isa = PBXContainerItemProxy;
			containerPortal = 509373FE2F8902BC0029EF88 /* Project object */;
			proxyType = 1;
			remoteGlobalIDString = 509374052F8902BC0029EF88;
			remoteInfo = Sonoic;
		};
/* End PBXContainerItemProxy section */

/* Begin PBXCopyFilesBuildPhase section */
		509374392F8903DE0029EF88 /* Embed Foundation Extensions */ = {
			isa = PBXCopyFilesBuildPhase;
			buildActionMask = 2147483647;
			dstPath = "";
			dstSubfolderSpec = 13;
			files = (
				509374342F8903DE0029EF88 /* SonoicWidgetsExtension.appex in Embed Foundation Extensions */,
			);
			name = "Embed Foundation Extensions";
			runOnlyForDeploymentPostprocessing = 0;
		};
/* End PBXCopyFilesBuildPhase section */

/* Begin PBXFileReference section */
		3B8C6A7D31B9000000010001 /* Config/SonoicOAuth.xcconfig */ = {isa = PBXFileReference; lastKnownFileType = text.xcconfig; path = Config/SonoicOAuth.xcconfig; sourceTree = "<group>"; };
		509374062F8902BC0029EF88 /* Sonoic.app */ = {isa = PBXFileReference; explicitFileType = wrapper.application; includeInIndex = 0; path = Sonoic.app; sourceTree = BUILT_PRODUCTS_DIR; };
		5093741E2F8903DC0029EF88 /* SonoicWidgetsExtension.appex */ = {isa = PBXFileReference; explicitFileType = "wrapper.app-extension"; includeInIndex = 0; path = SonoicWidgetsExtension.appex; sourceTree = BUILT_PRODUCTS_DIR; };
		509374202F8903DC0029EF88 /* WidgetKit.framework */ = {isa = PBXFileReference; lastKnownFileType = wrapper.framework; name = WidgetKit.framework; path = System/Library/Frameworks/WidgetKit.framework; sourceTree = SDKROOT; };
		509374222F8903DC0029EF88 /* SwiftUI.framework */ = {isa = PBXFileReference; lastKnownFileType = wrapper.framework; name = SwiftUI.framework; path = System/Library/Frameworks/SwiftUI.framework; sourceTree = SDKROOT; };
		5093743C2F89055E0029EF88 /* SonoicWidgetsExtension.entitlements */ = {isa = PBXFileReference; lastKnownFileType = text.plist.entitlements; path = SonoicWidgetsExtension.entitlements; sourceTree = "<group>"; };
		60AF4D392F8D6CB000C3E321 /* SonoicTests.xctest */ = {isa = PBXFileReference; explicitFileType = wrapper.cfbundle; includeInIndex = 0; path = SonoicTests.xctest; sourceTree = BUILT_PRODUCTS_DIR; };
/* End PBXFileReference section */

/* Begin PBXFileSystemSynchronizedBuildFileExceptionSet section */
		509374352F8903DE0029EF88 /* Exceptions for "SonoicWidgets" folder in "SonoicWidgetsExtension" target */ = {
			isa = PBXFileSystemSynchronizedBuildFileExceptionSet;
			membershipExceptions = (
				Info.plist,
			);
			target = 5093741D2F8903DC0029EF88 /* SonoicWidgetsExtension */;
		};
		60AF4D372F8D6CB000C3E321 /* Exceptions for "SonoicApp" folder in "Sonoic" target */ = {
			isa = PBXFileSystemSynchronizedBuildFileExceptionSet;
			membershipExceptions = (
				Info.plist,
				Views/AGENTS.md,
			);
			target = 509374052F8902BC0029EF88 /* Sonoic */;
		};
		60AF4D382F8D6CB000C3E321 /* Exceptions for "SonoicShared" folder in "Sonoic" target */ = {
			isa = PBXFileSystemSynchronizedBuildFileExceptionSet;
			membershipExceptions = (
				Sonos/AGENTS.md,
			);
			target = 509374052F8902BC0029EF88 /* Sonoic */;
		};
		60AF4D452F8D6CB000C3E321 /* Exceptions for "SonoicShared" folder in "SonoicWidgetsExtension" target */ = {
			isa = PBXFileSystemSynchronizedBuildFileExceptionSet;
			membershipExceptions = (
				Sonos/AGENTS.md,
			);
			target = 5093741D2F8903DC0029EF88 /* SonoicWidgetsExtension */;
		};
/* End PBXFileSystemSynchronizedBuildFileExceptionSet section */

/* Begin PBXFileSystemSynchronizedRootGroup section */
		509374082F8902BC0029EF88 /* SonoicApp */ = {
			isa = PBXFileSystemSynchronizedRootGroup;
			exceptions = (
				60AF4D372F8D6CB000C3E321 /* Exceptions for "SonoicApp" folder in "Sonoic" target */,
			);
			path = SonoicApp;
			sourceTree = "<group>";
		};
		509374242F8903DC0029EF88 /* SonoicWidgets */ = {
			isa = PBXFileSystemSynchronizedRootGroup;
			exceptions = (
				509374352F8903DE0029EF88 /* Exceptions for "SonoicWidgets" folder in "SonoicWidgetsExtension" target */,
			);
			path = SonoicWidgets;
			sourceTree = "<group>";
		};
		60AF4D362F8D6CB000C3E321 /* SonoicShared */ = {
			isa = PBXFileSystemSynchronizedRootGroup;
			exceptions = (
				60AF4D382F8D6CB000C3E321 /* Exceptions for "SonoicShared" folder in "Sonoic" target */,
				60AF4D452F8D6CB000C3E321 /* Exceptions for "SonoicShared" folder in "SonoicWidgetsExtension" target */,
			);
			path = SonoicShared;
			sourceTree = "<group>";
		};
		60AF4D3A2F8D6CB000C3E321 /* SonoicTests */ = {
			isa = PBXFileSystemSynchronizedRootGroup;
			path = SonoicTests;
			sourceTree = "<group>";
		};
/* End PBXFileSystemSynchronizedRootGroup section */

/* Begin PBXFrameworksBuildPhase section */
		509374032F8902BC0029EF88 /* Frameworks */ = {
			isa = PBXFrameworksBuildPhase;
			buildActionMask = 2147483647;
			files = (
				D9148A67A94D4CBB9641F7AF /* RevenueCat in Frameworks */,
				9E32397562354DF0AA09D2C1 /* RevenueCatUI in Frameworks */,
			);
			runOnlyForDeploymentPostprocessing = 0;
		};
		5093741B2F8903DC0029EF88 /* Frameworks */ = {
			isa = PBXFrameworksBuildPhase;
			buildActionMask = 2147483647;
			files = (
				509374232F8903DC0029EF88 /* SwiftUI.framework in Frameworks */,
				509374212F8903DC0029EF88 /* WidgetKit.framework in Frameworks */,
			);
			runOnlyForDeploymentPostprocessing = 0;
		};
		60AF4D3B2F8D6CB000C3E321 /* Frameworks */ = {
			isa = PBXFrameworksBuildPhase;
			buildActionMask = 2147483647;
			files = (
			);
			runOnlyForDeploymentPostprocessing = 0;
		};
/* End PBXFrameworksBuildPhase section */

/* Begin PBXGroup section */
		509373FD2F8902BC0029EF88 = {
			isa = PBXGroup;
			children = (
				3B8C6A7D31B9000000010001 /* Config/SonoicOAuth.xcconfig */,
				5093743C2F89055E0029EF88 /* SonoicWidgetsExtension.entitlements */,
				509374082F8902BC0029EF88 /* SonoicApp */,
				60AF4D362F8D6CB000C3E321 /* SonoicShared */,
				60AF4D3A2F8D6CB000C3E321 /* SonoicTests */,
				509374242F8903DC0029EF88 /* SonoicWidgets */,
				5093741F2F8903DC0029EF88 /* Frameworks */,
				509374072F8902BC0029EF88 /* Products */,
			);
			sourceTree = "<group>";
		};
		509374072F8902BC0029EF88 /* Products */ = {
			isa = PBXGroup;
			children = (
				509374062F8902BC0029EF88 /* Sonoic.app */,
				5093741E2F8903DC0029EF88 /* SonoicWidgetsExtension.appex */,
				60AF4D392F8D6CB000C3E321 /* SonoicTests.xctest */,
			);
			name = Products;
			sourceTree = "<group>";
		};
		5093741F2F8903DC0029EF88 /* Frameworks */ = {
			isa = PBXGroup;
			children = (
				509374202F8903DC0029EF88 /* WidgetKit.framework */,
				509374222F8903DC0029EF88 /* SwiftUI.framework */,
			);
			name = Frameworks;
			sourceTree = "<group>";
		};
/* End PBXGroup section */

/* Begin PBXNativeTarget section */
		509374052F8902BC0029EF88 /* Sonoic */ = {
			isa = PBXNativeTarget;
			buildConfigurationList = 509374112F8902BE0029EF88 /* Build configuration list for PBXNativeTarget "Sonoic" */;
			buildPhases = (
				509374022F8902BC0029EF88 /* Sources */,
				509374032F8902BC0029EF88 /* Frameworks */,
				509374042F8902BC0029EF88 /* Resources */,
				509374392F8903DE0029EF88 /* Embed Foundation Extensions */,
			);
			buildRules = (
			);
			dependencies = (
				509374332F8903DE0029EF88 /* PBXTargetDependency */,
			);
			fileSystemSynchronizedGroups = (
				509374082F8902BC0029EF88 /* SonoicApp */,
				60AF4D362F8D6CB000C3E321 /* SonoicShared */,
			);
			name = Sonoic;
			packageProductDependencies = (
				E7D21D949B9A42BE85BC575E /* RevenueCat */,
				0AAD220C4C8B4CABA8304480 /* RevenueCatUI */,
			);
			productName = Sonoic;
			productReference = 509374062F8902BC0029EF88 /* Sonoic.app */;
			productType = "com.apple.product-type.application";
		};
		5093741D2F8903DC0029EF88 /* SonoicWidgetsExtension */ = {
			isa = PBXNativeTarget;
			buildConfigurationList = 509374362F8903DE0029EF88 /* Build configuration list for PBXNativeTarget "SonoicWidgetsExtension" */;
			buildPhases = (
				5093741A2F8903DC0029EF88 /* Sources */,
				5093741B2F8903DC0029EF88 /* Frameworks */,
				5093741C2F8903DC0029EF88 /* Resources */,
			);
			buildRules = (
			);
			dependencies = (
			);
			fileSystemSynchronizedGroups = (
				509374242F8903DC0029EF88 /* SonoicWidgets */,
				60AF4D362F8D6CB000C3E321 /* SonoicShared */,
			);
			name = SonoicWidgetsExtension;
			packageProductDependencies = (
			);
			productName = SonoicWidgetsExtension;
			productReference = 5093741E2F8903DC0029EF88 /* SonoicWidgetsExtension.appex */;
			productType = "com.apple.product-type.app-extension";
		};
		60AF4D3D2F8D6CB000C3E321 /* SonoicTests */ = {
			isa = PBXNativeTarget;
			buildConfigurationList = 60AF4D442F8D6CB000C3E321 /* Build configuration list for PBXNativeTarget "SonoicTests" */;
			buildPhases = (
				60AF4D3F2F8D6CB000C3E321 /* Sources */,
				60AF4D3B2F8D6CB000C3E321 /* Frameworks */,
				60AF4D402F8D6CB000C3E321 /* Resources */,
			);
			buildRules = (
			);
			dependencies = (
				60AF4D3E2F8D6CB000C3E321 /* PBXTargetDependency */,
			);
			fileSystemSynchronizedGroups = (
				60AF4D3A2F8D6CB000C3E321 /* SonoicTests */,
			);
			name = SonoicTests;
			packageProductDependencies = (
			);
			productName = SonoicTests;
			productReference = 60AF4D392F8D6CB000C3E321 /* SonoicTests.xctest */;
			productType = "com.apple.product-type.bundle.unit-test";
		};
/* End PBXNativeTarget section */

/* Begin PBXProject section */
		509373FE2F8902BC0029EF88 /* Project object */ = {
			isa = PBXProject;
			attributes = {
				BuildIndependentTargetsInParallel = 1;
				LastSwiftUpdateCheck = 2640;
				LastUpgradeCheck = 2640;
				TargetAttributes = {
					509374052F8902BC0029EF88 = {
						CreatedOnToolsVersion = 26.4;
					};
					5093741D2F8903DC0029EF88 = {
						CreatedOnToolsVersion = 26.4;
					};
					60AF4D3D2F8D6CB000C3E321 = {
						CreatedOnToolsVersion = 26.4;
						TestTargetID = 509374052F8902BC0029EF88;
					};
				};
			};
			buildConfigurationList = 509374012F8902BC0029EF88 /* Build configuration list for PBXProject "Sonoic" */;
			developmentRegion = en;
			hasScannedForEncodings = 0;
			knownRegions = (
				en,
				Base,
			);
			mainGroup = 509373FD2F8902BC0029EF88;
			minimizedProjectReferenceProxies = 1;
			packageReferences = (
				D3E4243225BB4B17AB25E763 /* XCRemoteSwiftPackageReference "purchases-ios-spm" */,
			);
			preferredProjectObjectVersion = 77;
			productRefGroup = 509374072F8902BC0029EF88 /* Products */;
			projectDirPath = "";
			projectRoot = "";
			targets = (
				509374052F8902BC0029EF88 /* Sonoic */,
				5093741D2F8903DC0029EF88 /* SonoicWidgetsExtension */,
				60AF4D3D2F8D6CB000C3E321 /* SonoicTests */,
			);
		};
/* End PBXProject section */

/* Begin PBXResourcesBuildPhase section */
		509374042F8902BC0029EF88 /* Resources */ = {
			isa = PBXResourcesBuildPhase;
			buildActionMask = 2147483647;
			files = (
			);
			runOnlyForDeploymentPostprocessing = 0;
		};
		5093741C2F8903DC0029EF88 /* Resources */ = {
			isa = PBXResourcesBuildPhase;
			buildActionMask = 2147483647;
			files = (
			);
			runOnlyForDeploymentPostprocessing = 0;
		};
		60AF4D402F8D6CB000C3E321 /* Resources */ = {
			isa = PBXResourcesBuildPhase;
			buildActionMask = 2147483647;
			files = (
			);
			runOnlyForDeploymentPostprocessing = 0;
		};
/* End PBXResourcesBuildPhase section */

/* Begin PBXSourcesBuildPhase section */
		509374022F8902BC0029EF88 /* Sources */ = {
			isa = PBXSourcesBuildPhase;
			buildActionMask = 2147483647;
			files = (
			);
			runOnlyForDeploymentPostprocessing = 0;
		};
		5093741A2F8903DC0029EF88 /* Sources */ = {
			isa = PBXSourcesBuildPhase;
			buildActionMask = 2147483647;
			files = (
			);
			runOnlyForDeploymentPostprocessing = 0;
		};
		60AF4D3F2F8D6CB000C3E321 /* Sources */ = {
			isa = PBXSourcesBuildPhase;
			buildActionMask = 2147483647;
			files = (
			);
			runOnlyForDeploymentPostprocessing = 0;
		};
/* End PBXSourcesBuildPhase section */

/* Begin PBXTargetDependency section */
		509374332F8903DE0029EF88 /* PBXTargetDependency */ = {
			isa = PBXTargetDependency;
			target = 5093741D2F8903DC0029EF88 /* SonoicWidgetsExtension */;
			targetProxy = 509374322F8903DE0029EF88 /* PBXContainerItemProxy */;
		};
		60AF4D3E2F8D6CB000C3E321 /* PBXTargetDependency */ = {
			isa = PBXTargetDependency;
			target = 509374052F8902BC0029EF88 /* Sonoic */;
			targetProxy = 60AF4D3C2F8D6CB000C3E321 /* PBXContainerItemProxy */;
		};
/* End PBXTargetDependency section */

/* Begin XCBuildConfiguration section */
		5093740F2F8902BE0029EF88 /* Debug */ = {
			isa = XCBuildConfiguration;
			buildSettings = {
				ALWAYS_SEARCH_USER_PATHS = NO;
				ASSETCATALOG_COMPILER_GENERATE_SWIFT_ASSET_SYMBOL_EXTENSIONS = YES;
				CLANG_ANALYZER_NONNULL = YES;
				CLANG_ANALYZER_NUMBER_OBJECT_CONVERSION = YES_AGGRESSIVE;
				CLANG_CXX_LANGUAGE_STANDARD = "gnu++20";
				CLANG_ENABLE_MODULES = YES;
				CLANG_ENABLE_OBJC_ARC = YES;
				CLANG_ENABLE_OBJC_WEAK = YES;
				CLANG_WARN_BLOCK_CAPTURE_AUTORELEASING = YES;
				CLANG_WARN_BOOL_CONVERSION = YES;
				CLANG_WARN_COMMA = YES;
				CLANG_WARN_CONSTANT_CONVERSION = YES;
				CLANG_WARN_DEPRECATED_OBJC_IMPLEMENTATIONS = YES;
				CLANG_WARN_DIRECT_OBJC_ISA_USAGE = YES_ERROR;
				CLANG_WARN_DOCUMENTATION_COMMENTS = YES;
				CLANG_WARN_EMPTY_BODY = YES;
				CLANG_WARN_ENUM_CONVERSION = YES;
				CLANG_WARN_INFINITE_RECURSION = YES;
				CLANG_WARN_INT_CONVERSION = YES;
				CLANG_WARN_NON_LITERAL_NULL_CONVERSION = YES;
				CLANG_WARN_OBJC_IMPLICIT_RETAIN_SELF = YES;
				CLANG_WARN_OBJC_LITERAL_CONVERSION = YES;
				CLANG_WARN_OBJC_ROOT_CLASS = YES_ERROR;
				CLANG_WARN_QUOTED_INCLUDE_IN_FRAMEWORK_HEADER = YES;
				CLANG_WARN_RANGE_LOOP_ANALYSIS = YES;
				CLANG_WARN_STRICT_PROTOTYPES = YES;
				CLANG_WARN_SUSPICIOUS_MOVE = YES;
				CLANG_WARN_UNGUARDED_AVAILABILITY = YES_AGGRESSIVE;
				CLANG_WARN_UNREACHABLE_CODE = YES;
				CLANG_WARN__DUPLICATE_METHOD_MATCH = YES;
				COPY_PHASE_STRIP = NO;
				DEBUG_INFORMATION_FORMAT = dwarf;
				DEVELOPMENT_TEAM = N2M33U7L7U;
				ENABLE_STRICT_OBJC_MSGSEND = YES;
				ENABLE_TESTABILITY = YES;
				ENABLE_USER_SCRIPT_SANDBOXING = YES;
				GCC_C_LANGUAGE_STANDARD = gnu17;
				GCC_DYNAMIC_NO_PIC = NO;
				GCC_NO_COMMON_BLOCKS = YES;
				GCC_OPTIMIZATION_LEVEL = 0;
				GCC_PREPROCESSOR_DEFINITIONS = (
					"DEBUG=1",
					"$(inherited)",
				);
				GCC_WARN_64_TO_32_BIT_CONVERSION = YES;
				GCC_WARN_ABOUT_RETURN_TYPE = YES_ERROR;
				GCC_WARN_UNDECLARED_SELECTOR = YES;
				GCC_WARN_UNINITIALIZED_AUTOS = YES_AGGRESSIVE;
				GCC_WARN_UNUSED_FUNCTION = YES;
				GCC_WARN_UNUSED_VARIABLE = YES;
				IPHONEOS_DEPLOYMENT_TARGET = 26.4;
				LOCALIZATION_PREFERS_STRING_CATALOGS = YES;
				MTL_ENABLE_DEBUG_INFO = INCLUDE_SOURCE;
				MTL_FAST_MATH = YES;
				ONLY_ACTIVE_ARCH = YES;
				SDKROOT = iphoneos;
				SWIFT_ACTIVE_COMPILATION_CONDITIONS = "DEBUG $(inherited)";
				SWIFT_OPTIMIZATION_LEVEL = "-Onone";
			};
			name = Debug;
		};
		509374102F8902BE0029EF88 /* Release */ = {
			isa = XCBuildConfiguration;
			buildSettings = {
				ALWAYS_SEARCH_USER_PATHS = NO;
				ASSETCATALOG_COMPILER_GENERATE_SWIFT_ASSET_SYMBOL_EXTENSIONS = YES;
				CLANG_ANALYZER_NONNULL = YES;
				CLANG_ANALYZER_NUMBER_OBJECT_CONVERSION = YES_AGGRESSIVE;
				CLANG_CXX_LANGUAGE_STANDARD = "gnu++20";
				CLANG_ENABLE_MODULES = YES;
				CLANG_ENABLE_OBJC_ARC = YES;
				CLANG_ENABLE_OBJC_WEAK = YES;
				CLANG_WARN_BLOCK_CAPTURE_AUTORELEASING = YES;
				CLANG_WARN_BOOL_CONVERSION = YES;
				CLANG_WARN_COMMA = YES;
				CLANG_WARN_CONSTANT_CONVERSION = YES;
				CLANG_WARN_DEPRECATED_OBJC_IMPLEMENTATIONS = YES;
				CLANG_WARN_DIRECT_OBJC_ISA_USAGE = YES_ERROR;
				CLANG_WARN_DOCUMENTATION_COMMENTS = YES;
				CLANG_WARN_EMPTY_BODY = YES;
				CLANG_WARN_ENUM_CONVERSION = YES;
				CLANG_WARN_INFINITE_RECURSION = YES;
				CLANG_WARN_INT_CONVERSION = YES;
				CLANG_WARN_NON_LITERAL_NULL_CONVERSION = YES;
				CLANG_WARN_OBJC_IMPLICIT_RETAIN_SELF = YES;
				CLANG_WARN_OBJC_LITERAL_CONVERSION = YES;
				CLANG_WARN_OBJC_ROOT_CLASS = YES_ERROR;
				CLANG_WARN_QUOTED_INCLUDE_IN_FRAMEWORK_HEADER = YES;
				CLANG_WARN_RANGE_LOOP_ANALYSIS = YES;
				CLANG_WARN_STRICT_PROTOTYPES = YES;
				CLANG_WARN_SUSPICIOUS_MOVE = YES;
				CLANG_WARN_UNGUARDED_AVAILABILITY = YES_AGGRESSIVE;
				CLANG_WARN_UNREACHABLE_CODE = YES;
				CLANG_WARN__DUPLICATE_METHOD_MATCH = YES;
				COPY_PHASE_STRIP = NO;
				DEBUG_INFORMATION_FORMAT = "dwarf-with-dsym";
				DEVELOPMENT_TEAM = N2M33U7L7U;
				ENABLE_NS_ASSERTIONS = NO;
				ENABLE_STRICT_OBJC_MSGSEND = YES;
				ENABLE_USER_SCRIPT_SANDBOXING = YES;
				GCC_C_LANGUAGE_STANDARD = gnu17;
				GCC_NO_COMMON_BLOCKS = YES;
				GCC_WARN_64_TO_32_BIT_CONVERSION = YES;
				GCC_WARN_ABOUT_RETURN_TYPE = YES_ERROR;
				GCC_WARN_UNDECLARED_SELECTOR = YES;
				GCC_WARN_UNINITIALIZED_AUTOS = YES_AGGRESSIVE;
				GCC_WARN_UNUSED_FUNCTION = YES;
				GCC_WARN_UNUSED_VARIABLE = YES;
				IPHONEOS_DEPLOYMENT_TARGET = 26.4;
				LOCALIZATION_PREFERS_STRING_CATALOGS = YES;
				MTL_ENABLE_DEBUG_INFO = NO;
				MTL_FAST_MATH = YES;
				SDKROOT = iphoneos;
				SWIFT_COMPILATION_MODE = wholemodule;
				VALIDATE_PRODUCT = YES;
			};
			name = Release;
		};
		509374122F8902BE0029EF88 /* Debug */ = {
			isa = XCBuildConfiguration;
			baseConfigurationReference = 3B8C6A7D31B9000000010001 /* Config/SonoicOAuth.xcconfig */;
			buildSettings = {
				ASSETCATALOG_COMPILER_APPICON_NAME = AppIcon;
				ASSETCATALOG_COMPILER_GLOBAL_ACCENT_COLOR_NAME = AccentColor;
				CODE_SIGN_ENTITLEMENTS = SonoicApp/Sonoic.entitlements;
				CODE_SIGN_STYLE = Automatic;
				CURRENT_PROJECT_VERSION = 1;
				DEVELOPMENT_TEAM = N2M33U7L7U;
				ENABLE_PREVIEWS = YES;
				GENERATE_INFOPLIST_FILE = NO;
				INFOPLIST_FILE = SonoicApp/Info.plist;
				INFOPLIST_KEY_CFBundleDisplayName = Sonoic;
				INFOPLIST_KEY_LSApplicationCategoryType = "public.app-category.music";
				LD_RUNPATH_SEARCH_PATHS = (
					"$(inherited)",
					"@executable_path/Frameworks",
				);
				MARKETING_VERSION = 1.0;
				PRODUCT_BUNDLE_IDENTIFIER = com.markusskov.Sonoic;
				PRODUCT_NAME = "$(TARGET_NAME)";
				STRING_CATALOG_GENERATE_SYMBOLS = YES;
				SWIFT_APPROACHABLE_CONCURRENCY = YES;
				SWIFT_DEFAULT_ACTOR_ISOLATION = MainActor;
				SWIFT_EMIT_LOC_STRINGS = YES;
				SWIFT_UPCOMING_FEATURE_MEMBER_IMPORT_VISIBILITY = YES;
				SWIFT_VERSION = 6.3;
				TARGETED_DEVICE_FAMILY = "1,2";
			};
			name = Debug;
		};
		509374132F8902BE0029EF88 /* Release */ = {
			isa = XCBuildConfiguration;
			baseConfigurationReference = 3B8C6A7D31B9000000010001 /* Config/SonoicOAuth.xcconfig */;
			buildSettings = {
				ASSETCATALOG_COMPILER_APPICON_NAME = AppIcon;
				ASSETCATALOG_COMPILER_GLOBAL_ACCENT_COLOR_NAME = AccentColor;
				CODE_SIGN_ENTITLEMENTS = SonoicApp/Sonoic.entitlements;
				CODE_SIGN_STYLE = Automatic;
				CURRENT_PROJECT_VERSION = 1;
				DEVELOPMENT_TEAM = N2M33U7L7U;
				ENABLE_PREVIEWS = YES;
				GENERATE_INFOPLIST_FILE = NO;
				INFOPLIST_FILE = SonoicApp/Info.plist;
				INFOPLIST_KEY_CFBundleDisplayName = Sonoic;
				INFOPLIST_KEY_LSApplicationCategoryType = "public.app-category.music";
				LD_RUNPATH_SEARCH_PATHS = (
					"$(inherited)",
					"@executable_path/Frameworks",
				);
				MARKETING_VERSION = 1.0;
				PRODUCT_BUNDLE_IDENTIFIER = com.markusskov.Sonoic;
				PRODUCT_NAME = "$(TARGET_NAME)";
				STRING_CATALOG_GENERATE_SYMBOLS = YES;
				SWIFT_APPROACHABLE_CONCURRENCY = YES;
				SWIFT_DEFAULT_ACTOR_ISOLATION = MainActor;
				SWIFT_EMIT_LOC_STRINGS = YES;
				SWIFT_UPCOMING_FEATURE_MEMBER_IMPORT_VISIBILITY = YES;
				SWIFT_VERSION = 6.3;
				TARGETED_DEVICE_FAMILY = "1,2";
			};
			name = Release;
		};
		509374372F8903DE0029EF88 /* Debug */ = {
			isa = XCBuildConfiguration;
			buildSettings = {
				ASSETCATALOG_COMPILER_GLOBAL_ACCENT_COLOR_NAME = AccentColor;
				ASSETCATALOG_COMPILER_WIDGET_BACKGROUND_COLOR_NAME = WidgetBackground;
				CODE_SIGN_ENTITLEMENTS = SonoicWidgetsExtension.entitlements;
				CODE_SIGN_STYLE = Automatic;
				CURRENT_PROJECT_VERSION = 1;
				DEVELOPMENT_TEAM = N2M33U7L7U;
				GENERATE_INFOPLIST_FILE = YES;
				INFOPLIST_FILE = SonoicWidgets/Info.plist;
				INFOPLIST_KEY_CFBundleDisplayName = SonoicWidgets;
				INFOPLIST_KEY_NSHumanReadableCopyright = "";
				LD_RUNPATH_SEARCH_PATHS = (
					"$(inherited)",
					"@executable_path/Frameworks",
					"@executable_path/../../Frameworks",
				);
				MARKETING_VERSION = 1.0;
				PRODUCT_BUNDLE_IDENTIFIER = com.markusskov.Sonoic.SonoicWidgets;
				PRODUCT_NAME = "$(TARGET_NAME)";
				SKIP_INSTALL = YES;
				STRING_CATALOG_GENERATE_SYMBOLS = YES;
				SWIFT_APPROACHABLE_CONCURRENCY = YES;
				SWIFT_EMIT_LOC_STRINGS = YES;
				SWIFT_UPCOMING_FEATURE_MEMBER_IMPORT_VISIBILITY = YES;
				SWIFT_VERSION = 6.3;
				TARGETED_DEVICE_FAMILY = "1,2";
			};
			name = Debug;
		};
		509374382F8903DE0029EF88 /* Release */ = {
			isa = XCBuildConfiguration;
			buildSettings = {
				ASSETCATALOG_COMPILER_GLOBAL_ACCENT_COLOR_NAME = AccentColor;
				ASSETCATALOG_COMPILER_WIDGET_BACKGROUND_COLOR_NAME = WidgetBackground;
				CODE_SIGN_ENTITLEMENTS = SonoicWidgetsExtension.entitlements;
				CODE_SIGN_STYLE = Automatic;
				CURRENT_PROJECT_VERSION = 1;
				DEVELOPMENT_TEAM = N2M33U7L7U;
				GENERATE_INFOPLIST_FILE = YES;
				INFOPLIST_FILE = SonoicWidgets/Info.plist;
				INFOPLIST_KEY_CFBundleDisplayName = SonoicWidgets;
				INFOPLIST_KEY_NSHumanReadableCopyright = "";
				LD_RUNPATH_SEARCH_PATHS = (
					"$(inherited)",
					"@executable_path/Frameworks",
					"@executable_path/../../Frameworks",
				);
				MARKETING_VERSION = 1.0;
				PRODUCT_BUNDLE_IDENTIFIER = com.markusskov.Sonoic.SonoicWidgets;
				PRODUCT_NAME = "$(TARGET_NAME)";
				SKIP_INSTALL = YES;
				STRING_CATALOG_GENERATE_SYMBOLS = YES;
				SWIFT_APPROACHABLE_CONCURRENCY = YES;
				SWIFT_EMIT_LOC_STRINGS = YES;
				SWIFT_UPCOMING_FEATURE_MEMBER_IMPORT_VISIBILITY = YES;
				SWIFT_VERSION = 6.3;
				TARGETED_DEVICE_FAMILY = "1,2";
			};
			name = Release;
		};
		60AF4D422F8D6CB000C3E321 /* Debug */ = {
			isa = XCBuildConfiguration;
			buildSettings = {
				BUNDLE_LOADER = "$(TEST_HOST)";
				CODE_SIGN_STYLE = Automatic;
				CURRENT_PROJECT_VERSION = 1;
				DEVELOPMENT_TEAM = N2M33U7L7U;
				GENERATE_INFOPLIST_FILE = YES;
				IPHONEOS_DEPLOYMENT_TARGET = 26.4;
				LD_RUNPATH_SEARCH_PATHS = (
					"$(inherited)",
					"@executable_path/Frameworks",
					"@loader_path/Frameworks",
				);
				MARKETING_VERSION = 1.0;
				PRODUCT_BUNDLE_IDENTIFIER = com.markusskov.SonoicTests;
				PRODUCT_NAME = "$(TARGET_NAME)";
				SKIP_INSTALL = YES;
				SWIFT_APPROACHABLE_CONCURRENCY = YES;
				SWIFT_UPCOMING_FEATURE_MEMBER_IMPORT_VISIBILITY = YES;
				SWIFT_VERSION = 6.3;
				TARGETED_DEVICE_FAMILY = "1,2";
				TEST_HOST = "$(BUILT_PRODUCTS_DIR)/Sonoic.app/$(BUNDLE_EXECUTABLE_FOLDER_PATH)/Sonoic";
				TEST_TARGET_NAME = Sonoic;
			};
			name = Debug;
		};
		60AF4D432F8D6CB000C3E321 /* Release */ = {
			isa = XCBuildConfiguration;
			buildSettings = {
				BUNDLE_LOADER = "$(TEST_HOST)";
				CODE_SIGN_STYLE = Automatic;
				CURRENT_PROJECT_VERSION = 1;
				DEVELOPMENT_TEAM = N2M33U7L7U;
				GENERATE_INFOPLIST_FILE = YES;
				IPHONEOS_DEPLOYMENT_TARGET = 26.4;
				LD_RUNPATH_SEARCH_PATHS = (
					"$(inherited)",
					"@executable_path/Frameworks",
					"@loader_path/Frameworks",
				);
				MARKETING_VERSION = 1.0;
				PRODUCT_BUNDLE_IDENTIFIER = com.markusskov.SonoicTests;
				PRODUCT_NAME = "$(TARGET_NAME)";
				SKIP_INSTALL = YES;
				SWIFT_APPROACHABLE_CONCURRENCY = YES;
				SWIFT_UPCOMING_FEATURE_MEMBER_IMPORT_VISIBILITY = YES;
				SWIFT_VERSION = 6.3;
				TARGETED_DEVICE_FAMILY = "1,2";
				TEST_HOST = "$(BUILT_PRODUCTS_DIR)/Sonoic.app/$(BUNDLE_EXECUTABLE_FOLDER_PATH)/Sonoic";
				TEST_TARGET_NAME = Sonoic;
			};
			name = Release;
		};
/* End XCBuildConfiguration section */

/* Begin XCConfigurationList section */
		509374012F8902BC0029EF88 /* Build configuration list for PBXProject "Sonoic" */ = {
			isa = XCConfigurationList;
			buildConfigurations = (
				5093740F2F8902BE0029EF88 /* Debug */,
				509374102F8902BE0029EF88 /* Release */,
			);
			defaultConfigurationIsVisible = 0;
			defaultConfigurationName = Release;
		};
		509374112F8902BE0029EF88 /* Build configuration list for PBXNativeTarget "Sonoic" */ = {
			isa = XCConfigurationList;
			buildConfigurations = (
				509374122F8902BE0029EF88 /* Debug */,
				509374132F8902BE0029EF88 /* Release */,
			);
			defaultConfigurationIsVisible = 0;
			defaultConfigurationName = Release;
		};
		509374362F8903DE0029EF88 /* Build configuration list for PBXNativeTarget "SonoicWidgetsExtension" */ = {
			isa = XCConfigurationList;
			buildConfigurations = (
				509374372F8903DE0029EF88 /* Debug */,
				509374382F8903DE0029EF88 /* Release */,
			);
			defaultConfigurationIsVisible = 0;
			defaultConfigurationName = Release;
		};
		60AF4D442F8D6CB000C3E321 /* Build configuration list for PBXNativeTarget "SonoicTests" */ = {
			isa = XCConfigurationList;
			buildConfigurations = (
				60AF4D422F8D6CB000C3E321 /* Debug */,
				60AF4D432F8D6CB000C3E321 /* Release */,
			);
			defaultConfigurationIsVisible = 0;
			defaultConfigurationName = Release;
		};
/* End XCConfigurationList section */

/* Begin XCRemoteSwiftPackageReference section */
		D3E4243225BB4B17AB25E763 /* XCRemoteSwiftPackageReference "purchases-ios-spm" */ = {
			isa = XCRemoteSwiftPackageReference;
			repositoryURL = "https://github.com/RevenueCat/purchases-ios-spm.git";
			requirement = {
				kind = upToNextMajorVersion;
				minimumVersion = 5.0.0;
			};
		};
/* End XCRemoteSwiftPackageReference section */

/* Begin XCSwiftPackageProductDependency section */
		0AAD220C4C8B4CABA8304480 /* RevenueCatUI */ = {
			isa = XCSwiftPackageProductDependency;
			package = D3E4243225BB4B17AB25E763 /* XCRemoteSwiftPackageReference "purchases-ios-spm" */;
			productName = RevenueCatUI;
		};
		E7D21D949B9A42BE85BC575E /* RevenueCat */ = {
			isa = XCSwiftPackageProductDependency;
			package = D3E4243225BB4B17AB25E763 /* XCRemoteSwiftPackageReference "purchases-ios-spm" */;
			productName = RevenueCat;
		};
/* End XCSwiftPackageProductDependency section */
	};
	rootObject = 509373FE2F8902BC0029EF88 /* Project object */;
}
